
Microsoft Visual Studio Solution File, Format Version 12.00
# Visual Studio Version 16
VisualStudioVersion = 16.0.30011.22
MinimumVisualStudioVersion = 10.0.40219.1
Project("{FAE04EC0-301F-11D3-BF4B-00C04F79EFBC}") = "Lab13-1", "Lab13-1\Lab13-1.csproj", "{8BD2AE2A-4E7A-466C-BE54-4A1452387BEB}"
EndProject
Global
	GlobalSection(SolutionConfigurationPlatforms) = preSolution
		Debug|Any CPU = Debug|Any CPU
		Release|Any CPU = Release|Any CPU
	EndGlobalSection
	GlobalSection(ProjectConfigurationPlatforms) = postSolution
		{8BD2AE2A-4E7A-466C-BE54-4A1452387BEB}.Debug|Any CPU.ActiveCfg = Debug|Any CPU
		{8BD2AE2A-4E7A-466C-BE54-4A1452387BEB}.Debug|Any CPU.Build.0 = Debug|Any CPU
		{8BD2AE2A-4E7A-466C-BE54-4A1452387BEB}.Release|Any CPU.ActiveCfg = Release|Any CPU
		{8BD2AE2A-4E7A-466C-BE54-4A1452387BEB}.Release|Any CPU.Build.0 = Release|Any CPU
	EndGlobalSection
	GlobalSection(SolutionProperties) = preSolution
		HideSolutionNode = FALSE
	EndGlobalSection
	GlobalSection(ExtensibilityGlobals) = postSolution
		SolutionGuid = {7ED42771-8207-4A22-8947-CF1FB65E8963}
	EndGlobalSection
EndGlobal
