
Microsoft Visual Studio Solution File, Format Version 12.00
# Visual Studio Version 16
VisualStudioVersion = 16.0.29806.167
MinimumVisualStudioVersion = 10.0.40219.1
Project("{FAE04EC0-301F-11D3-BF4B-00C04F79EFBC}") = "Lab3", "Lab3\Lab3.csproj", "{1D9999A8-9DCF-4889-820E-754A7EFB6E89}"
EndProject
Global
	GlobalSection(SolutionConfigurationPlatforms) = preSolution
		Debug|Any CPU = Debug|Any CPU
		Release|Any CPU = Release|Any CPU
	EndGlobalSection
	GlobalSection(ProjectConfigurationPlatforms) = postSolution
		{1D9999A8-9DCF-4889-820E-754A7EFB6E89}.Debug|Any CPU.ActiveCfg = Debug|Any CPU
		{1D9999A8-9DCF-4889-820E-754A7EFB6E89}.Debug|Any CPU.Build.0 = Debug|Any CPU
		{1D9999A8-9DCF-4889-820E-754A7EFB6E89}.Release|Any CPU.ActiveCfg = Release|Any CPU
		{1D9999A8-9DCF-4889-820E-754A7EFB6E89}.Release|Any CPU.Build.0 = Release|Any CPU
	EndGlobalSection
	GlobalSection(SolutionProperties) = preSolution
		HideSolutionNode = FALSE
	EndGlobalSection
	GlobalSection(ExtensibilityGlobals) = postSolution
		SolutionGuid = {88D994D7-B3E8-46BA-82CA-5219CA07A7A9}
	EndGlobalSection
EndGlobal
